
Microsoft Visual Studio Solution File, Format Version 12.00
Project("{FAE04EC0-301F-11D3-BF4B-00C04F79EFBC}") = "api", "api\api.csproj", "{C0A8D4C5-7198-4EDE-8622-8FDC43A03C99}"
EndProject
Project("{2150E333-8FDC-42A3-9474-1A3956D46DE8}") = "Solution Items", "Solution Items", "{B6EF9E28-3FC6-4812-A693-A5AA5E7AB2B0}"
	ProjectSection(SolutionItems) = preProject
		docker-compose.yml = docker-compose.yml
	EndProjectSection
EndProject
Project("{FAE04EC0-301F-11D3-BF4B-00C04F79EFBC}") = "Infrastructure", "Infrastructure\Infrastructure.csproj", "{242DADC6-D834-4F15-BCA4-E373D490F705}"
EndProject
Project("{FAE04EC0-301F-11D3-BF4B-00C04F79EFBC}") = "Shared", "Shared\Shared.csproj", "{799F730A-C9F6-441D-9578-178238799393}"
EndProject
Project("{FAE04EC0-301F-11D3-BF4B-00C04F79EFBC}") = "Tests", "Tests\Tests.csproj", "{3CFBD038-4D5F-4F9C-A352-A39413DDE5F4}"
EndProject
Global
	GlobalSection(SolutionConfigurationPlatforms) = preSolution
		Debug|Any CPU = Debug|Any CPU
		Release|Any CPU = Release|Any CPU
	EndGlobalSection
	GlobalSection(ProjectConfigurationPlatforms) = postSolution
		{C0A8D4C5-7198-4EDE-8622-8FDC43A03C99}.Debug|Any CPU.ActiveCfg = Debug|Any CPU
		{C0A8D4C5-7198-4EDE-8622-8FDC43A03C99}.Debug|Any CPU.Build.0 = Debug|Any CPU
		{C0A8D4C5-7198-4EDE-8622-8FDC43A03C99}.Release|Any CPU.ActiveCfg = Release|Any CPU
		{C0A8D4C5-7198-4EDE-8622-8FDC43A03C99}.Release|Any CPU.Build.0 = Release|Any CPU
		{242DADC6-D834-4F15-BCA4-E373D490F705}.Debug|Any CPU.ActiveCfg = Debug|Any CPU
		{242DADC6-D834-4F15-BCA4-E373D490F705}.Debug|Any CPU.Build.0 = Debug|Any CPU
		{242DADC6-D834-4F15-BCA4-E373D490F705}.Release|Any CPU.ActiveCfg = Release|Any CPU
		{242DADC6-D834-4F15-BCA4-E373D490F705}.Release|Any CPU.Build.0 = Release|Any CPU
		{799F730A-C9F6-441D-9578-178238799393}.Debug|Any CPU.ActiveCfg = Debug|Any CPU
		{799F730A-C9F6-441D-9578-178238799393}.Debug|Any CPU.Build.0 = Debug|Any CPU
		{799F730A-C9F6-441D-9578-178238799393}.Release|Any CPU.ActiveCfg = Release|Any CPU
		{799F730A-C9F6-441D-9578-178238799393}.Release|Any CPU.Build.0 = Release|Any CPU
		{3CFBD038-4D5F-4F9C-A352-A39413DDE5F4}.Debug|Any CPU.ActiveCfg = Debug|Any CPU
		{3CFBD038-4D5F-4F9C-A352-A39413DDE5F4}.Debug|Any CPU.Build.0 = Debug|Any CPU
		{3CFBD038-4D5F-4F9C-A352-A39413DDE5F4}.Release|Any CPU.ActiveCfg = Release|Any CPU
		{3CFBD038-4D5F-4F9C-A352-A39413DDE5F4}.Release|Any CPU.Build.0 = Release|Any CPU
	EndGlobalSection
EndGlobal
